
Microsoft Visual Studio Solution File, Format Version 12.00
# Visual Studio Version 17
VisualStudioVersion = 17.1.32210.238
MinimumVisualStudioVersion = 10.0.40219.1
Project("{FAE04EC0-301F-11D3-BF4B-00C04F79EFBC}") = "NickvisionTagger", "NickvisionTagger\NickvisionTagger.csproj", "{D0EB6FDA-A019-47DF-98A3-5D071C570E16}"
EndProject
Global
	GlobalSection(SolutionConfigurationPlatforms) = preSolution
		Debug|Any CPU = Debug|Any CPU
		Release|Any CPU = Release|Any CPU
	EndGlobalSection
	GlobalSection(ProjectConfigurationPlatforms) = postSolution
		{D0EB6FDA-A019-47DF-98A3-5D071C570E16}.Debug|Any CPU.ActiveCfg = Debug|Any CPU
		{D0EB6FDA-A019-47DF-98A3-5D071C570E16}.Debug|Any CPU.Build.0 = Debug|Any CPU
		{D0EB6FDA-A019-47DF-98A3-5D071C570E16}.Release|Any CPU.ActiveCfg = Release|Any CPU
		{D0EB6FDA-A019-47DF-98A3-5D071C570E16}.Release|Any CPU.Build.0 = Release|Any CPU
	EndGlobalSection
	GlobalSection(SolutionProperties) = preSolution
		HideSolutionNode = FALSE
	EndGlobalSection
	GlobalSection(ExtensibilityGlobals) = postSolution
		SolutionGuid = {9EE6B945-ED0A-4A90-861C-BD8C2E7D9591}
	EndGlobalSection
EndGlobal
