
Microsoft Visual Studio Solution File, Format Version 12.00
# Visual Studio Version 17
VisualStudioVersion = 17.0.32002.185
MinimumVisualStudioVersion = 10.0.40219.1
Project("{FAE04EC0-301F-11D3-BF4B-00C04F79EFBC}") = "NickvisionTagger", "NickvisionTagger\NickvisionTagger.csproj", "{F32DD485-6F6E-47FF-B7CB-3B2A8D49954F}"
EndProject
Global
	GlobalSection(SolutionConfigurationPlatforms) = preSolution
		Debug|Any CPU = Debug|Any CPU
		Release|Any CPU = Release|Any CPU
	EndGlobalSection
	GlobalSection(ProjectConfigurationPlatforms) = postSolution
		{F32DD485-6F6E-47FF-B7CB-3B2A8D49954F}.Debug|Any CPU.ActiveCfg = Debug|Any CPU
		{F32DD485-6F6E-47FF-B7CB-3B2A8D49954F}.Debug|Any CPU.Build.0 = Debug|Any CPU
		{F32DD485-6F6E-47FF-B7CB-3B2A8D49954F}.Release|Any CPU.ActiveCfg = Release|Any CPU
		{F32DD485-6F6E-47FF-B7CB-3B2A8D49954F}.Release|Any CPU.Build.0 = Release|Any CPU
	EndGlobalSection
	GlobalSection(SolutionProperties) = preSolution
		HideSolutionNode = FALSE
	EndGlobalSection
	GlobalSection(ExtensibilityGlobals) = postSolution
		SolutionGuid = {2345034E-A873-42DB-B987-15007704AF37}
	EndGlobalSection
EndGlobal
