
Microsoft Visual Studio Solution File, Format Version 12.00
# Visual Studio Version 17
VisualStudioVersion = 17.7.34031.279
MinimumVisualStudioVersion = 10.0.40219.1
Project("{9A19103F-16F7-4668-BE54-9A1E7A4F7556}") = "NickvisionTagger.GNOME", "NickvisionTagger.GNOME\NickvisionTagger.GNOME.csproj", "{FDC15436-2714-4882-BBEB-BBCC730EB9A1}"
EndProject
Project("{9A19103F-16F7-4668-BE54-9A1E7A4F7556}") = "NickvisionTagger.Shared", "NickvisionTagger.Shared\NickvisionTagger.Shared.csproj", "{2DDBDF64-7AE1-4EC0-80FD-AAA30E8692D1}"
EndProject
Project("{9A19103F-16F7-4668-BE54-9A1E7A4F7556}") = "NickvisionTagger.WinUI", "NickvisionTagger.WinUI\NickvisionTagger.WinUI.csproj", "{FDD71AFB-7321-4F9D-BD9C-801B8E4226A8}"
EndProject
Global
	GlobalSection(SolutionConfigurationPlatforms) = preSolution
		Debug|Any CPU = Debug|Any CPU
		Debug|ARM64 = Debug|ARM64
		Debug|x64 = Debug|x64
		Debug|x86 = Debug|x86
		Release|Any CPU = Release|Any CPU
		Release|ARM64 = Release|ARM64
		Release|x64 = Release|x64
		Release|x86 = Release|x86
	EndGlobalSection
	GlobalSection(ProjectConfigurationPlatforms) = postSolution
		{FDC15436-2714-4882-BBEB-BBCC730EB9A1}.Debug|Any CPU.ActiveCfg = Debug|Any CPU
		{FDC15436-2714-4882-BBEB-BBCC730EB9A1}.Debug|Any CPU.Build.0 = Debug|Any CPU
		{FDC15436-2714-4882-BBEB-BBCC730EB9A1}.Debug|ARM64.ActiveCfg = Debug|Any CPU
		{FDC15436-2714-4882-BBEB-BBCC730EB9A1}.Debug|ARM64.Build.0 = Debug|Any CPU
		{FDC15436-2714-4882-BBEB-BBCC730EB9A1}.Debug|x64.ActiveCfg = Debug|Any CPU
		{FDC15436-2714-4882-BBEB-BBCC730EB9A1}.Debug|x64.Build.0 = Debug|Any CPU
		{FDC15436-2714-4882-BBEB-BBCC730EB9A1}.Debug|x86.ActiveCfg = Debug|Any CPU
		{FDC15436-2714-4882-BBEB-BBCC730EB9A1}.Debug|x86.Build.0 = Debug|Any CPU
		{FDC15436-2714-4882-BBEB-BBCC730EB9A1}.Release|Any CPU.ActiveCfg = Release|Any CPU
		{FDC15436-2714-4882-BBEB-BBCC730EB9A1}.Release|Any CPU.Build.0 = Release|Any CPU
		{FDC15436-2714-4882-BBEB-BBCC730EB9A1}.Release|ARM64.ActiveCfg = Release|Any CPU
		{FDC15436-2714-4882-BBEB-BBCC730EB9A1}.Release|ARM64.Build.0 = Release|Any CPU
		{FDC15436-2714-4882-BBEB-BBCC730EB9A1}.Release|x64.ActiveCfg = Release|Any CPU
		{FDC15436-2714-4882-BBEB-BBCC730EB9A1}.Release|x64.Build.0 = Release|Any CPU
		{FDC15436-2714-4882-BBEB-BBCC730EB9A1}.Release|x86.ActiveCfg = Release|Any CPU
		{FDC15436-2714-4882-BBEB-BBCC730EB9A1}.Release|x86.Build.0 = Release|Any CPU
		{2DDBDF64-7AE1-4EC0-80FD-AAA30E8692D1}.Debug|Any CPU.ActiveCfg = Debug|Any CPU
		{2DDBDF64-7AE1-4EC0-80FD-AAA30E8692D1}.Debug|Any CPU.Build.0 = Debug|Any CPU
		{2DDBDF64-7AE1-4EC0-80FD-AAA30E8692D1}.Debug|ARM64.ActiveCfg = Debug|Any CPU
		{2DDBDF64-7AE1-4EC0-80FD-AAA30E8692D1}.Debug|ARM64.Build.0 = Debug|Any CPU
		{2DDBDF64-7AE1-4EC0-80FD-AAA30E8692D1}.Debug|x64.ActiveCfg = Debug|Any CPU
		{2DDBDF64-7AE1-4EC0-80FD-AAA30E8692D1}.Debug|x64.Build.0 = Debug|Any CPU
		{2DDBDF64-7AE1-4EC0-80FD-AAA30E8692D1}.Debug|x86.ActiveCfg = Debug|Any CPU
		{2DDBDF64-7AE1-4EC0-80FD-AAA30E8692D1}.Debug|x86.Build.0 = Debug|Any CPU
		{2DDBDF64-7AE1-4EC0-80FD-AAA30E8692D1}.Release|Any CPU.ActiveCfg = Release|Any CPU
		{2DDBDF64-7AE1-4EC0-80FD-AAA30E8692D1}.Release|Any CPU.Build.0 = Release|Any CPU
		{2DDBDF64-7AE1-4EC0-80FD-AAA30E8692D1}.Release|ARM64.ActiveCfg = Release|Any CPU
		{2DDBDF64-7AE1-4EC0-80FD-AAA30E8692D1}.Release|ARM64.Build.0 = Release|Any CPU
		{2DDBDF64-7AE1-4EC0-80FD-AAA30E8692D1}.Release|x64.ActiveCfg = Release|Any CPU
		{2DDBDF64-7AE1-4EC0-80FD-AAA30E8692D1}.Release|x64.Build.0 = Release|Any CPU
		{2DDBDF64-7AE1-4EC0-80FD-AAA30E8692D1}.Release|x86.ActiveCfg = Release|Any CPU
		{2DDBDF64-7AE1-4EC0-80FD-AAA30E8692D1}.Release|x86.Build.0 = Release|Any CPU
		{FDD71AFB-7321-4F9D-BD9C-801B8E4226A8}.Debug|Any CPU.ActiveCfg = Debug|x64
		{FDD71AFB-7321-4F9D-BD9C-801B8E4226A8}.Debug|Any CPU.Build.0 = Debug|x64
		{FDD71AFB-7321-4F9D-BD9C-801B8E4226A8}.Debug|ARM64.ActiveCfg = Debug|ARM64
		{FDD71AFB-7321-4F9D-BD9C-801B8E4226A8}.Debug|ARM64.Build.0 = Debug|ARM64
		{FDD71AFB-7321-4F9D-BD9C-801B8E4226A8}.Debug|x64.ActiveCfg = Debug|x64
		{FDD71AFB-7321-4F9D-BD9C-801B8E4226A8}.Debug|x64.Build.0 = Debug|x64
		{FDD71AFB-7321-4F9D-BD9C-801B8E4226A8}.Debug|x86.ActiveCfg = Debug|x86
		{FDD71AFB-7321-4F9D-BD9C-801B8E4226A8}.Debug|x86.Build.0 = Debug|x86
		{FDD71AFB-7321-4F9D-BD9C-801B8E4226A8}.Release|Any CPU.ActiveCfg = Release|x64
		{FDD71AFB-7321-4F9D-BD9C-801B8E4226A8}.Release|Any CPU.Build.0 = Release|x64
		{FDD71AFB-7321-4F9D-BD9C-801B8E4226A8}.Release|ARM64.ActiveCfg = Release|ARM64
		{FDD71AFB-7321-4F9D-BD9C-801B8E4226A8}.Release|ARM64.Build.0 = Release|ARM64
		{FDD71AFB-7321-4F9D-BD9C-801B8E4226A8}.Release|x64.ActiveCfg = Release|x64
		{FDD71AFB-7321-4F9D-BD9C-801B8E4226A8}.Release|x64.Build.0 = Release|x64
		{FDD71AFB-7321-4F9D-BD9C-801B8E4226A8}.Release|x86.ActiveCfg = Release|x86
		{FDD71AFB-7321-4F9D-BD9C-801B8E4226A8}.Release|x86.Build.0 = Release|x86
	EndGlobalSection
	GlobalSection(SolutionProperties) = preSolution
		HideSolutionNode = FALSE
	EndGlobalSection
	GlobalSection(ExtensibilityGlobals) = postSolution
		SolutionGuid = {A1566CA6-E721-4BFA-AEF5-EB6681DBE1AB}
	EndGlobalSection
EndGlobal
