
Microsoft Visual Studio Solution File, Format Version 12.00
# Visual Studio Version 17
VisualStudioVersion = 17.7.34031.279
MinimumVisualStudioVersion = 10.0.40219.1
Project("{9A19103F-16F7-4668-BE54-9A1E7A4F7556}") = "NickvisionTagger.GNOME", "NickvisionTagger.GNOME\NickvisionTagger.GNOME.csproj", "{FDC15436-2714-4882-BBEB-BBCC730EB9A1}"
EndProject
Project("{9A19103F-16F7-4668-BE54-9A1E7A4F7556}") = "NickvisionTagger.Shared", "NickvisionTagger.Shared\NickvisionTagger.Shared.csproj", "{2DDBDF64-7AE1-4EC0-80FD-AAA30E8692D1}"
EndProject
Global
	GlobalSection(SolutionConfigurationPlatforms) = preSolution
		Debug|Any CPU = Debug|Any CPU
		Release|Any CPU = Release|Any CPU
	EndGlobalSection
	GlobalSection(ProjectConfigurationPlatforms) = postSolution
		{FDC15436-2714-4882-BBEB-BBCC730EB9A1}.Debug|Any CPU.ActiveCfg = Debug|Any CPU
		{FDC15436-2714-4882-BBEB-BBCC730EB9A1}.Debug|Any CPU.Build.0 = Debug|Any CPU
		{FDC15436-2714-4882-BBEB-BBCC730EB9A1}.Release|Any CPU.ActiveCfg = Release|Any CPU
		{FDC15436-2714-4882-BBEB-BBCC730EB9A1}.Release|Any CPU.Build.0 = Release|Any CPU
		{2DDBDF64-7AE1-4EC0-80FD-AAA30E8692D1}.Debug|Any CPU.ActiveCfg = Debug|Any CPU
		{2DDBDF64-7AE1-4EC0-80FD-AAA30E8692D1}.Debug|Any CPU.Build.0 = Debug|Any CPU
		{2DDBDF64-7AE1-4EC0-80FD-AAA30E8692D1}.Release|Any CPU.ActiveCfg = Release|Any CPU
		{2DDBDF64-7AE1-4EC0-80FD-AAA30E8692D1}.Release|Any CPU.Build.0 = Release|Any CPU
	EndGlobalSection
	GlobalSection(SolutionProperties) = preSolution
		HideSolutionNode = FALSE
	EndGlobalSection
	GlobalSection(ExtensibilityGlobals) = postSolution
		SolutionGuid = {A1566CA6-E721-4BFA-AEF5-EB6681DBE1AB}
	EndGlobalSection
EndGlobal
